
Microsoft Visual Studio Solution File, Format Version 12.00
# Visual Studio Version 16
VisualStudioVersion = 16.0.29215.179
MinimumVisualStudioVersion = 10.0.40219.1
Project("{FAE04EC0-301F-11D3-BF4B-00C04F79EFBC}") = "hello_world", "hello_world.csproj", "{0E821171-04EB-41C4-AE23-EE3D0CFD2FE1}"
EndProject
Global
	GlobalSection(SolutionConfigurationPlatforms) = preSolution
		Debug|Any CPU = Debug|Any CPU
		Release|Any CPU = Release|Any CPU
	EndGlobalSection
	GlobalSection(ProjectConfigurationPlatforms) = postSolution
		{0E821171-04EB-41C4-AE23-EE3D0CFD2FE1}.Debug|Any CPU.ActiveCfg = Debug|Any CPU
		{0E821171-04EB-41C4-AE23-EE3D0CFD2FE1}.Debug|Any CPU.Build.0 = Debug|Any CPU
		{0E821171-04EB-41C4-AE23-EE3D0CFD2FE1}.Release|Any CPU.ActiveCfg = Release|Any CPU
		{0E821171-04EB-41C4-AE23-EE3D0CFD2FE1}.Release|Any CPU.Build.0 = Release|Any CPU
	EndGlobalSection
	GlobalSection(SolutionProperties) = preSolution
		HideSolutionNode = FALSE
	EndGlobalSection
	GlobalSection(ExtensibilityGlobals) = postSolution
		SolutionGuid = {68CF8469-AFA6-468E-B7DE-312E02986C3E}
	EndGlobalSection
EndGlobal
